
Microsoft Visual Studio Solution File, Format Version 12.00
# Visual Studio Version 16
VisualStudioVersion = 16.0.31229.75
MinimumVisualStudioVersion = 10.0.40219.1
Project("{9A19103F-16F7-4668-BE54-9A1E7A4F7556}") = "CurrencyExchageRate", "CurrencyExchageRate\CurrencyExchageRate.csproj", "{75A57A76-6959-4073-8B64-3B115D2772B6}"
EndProject
Project("{9A19103F-16F7-4668-BE54-9A1E7A4F7556}") = "DataLayer", "DataLayer\DataLayer.csproj", "{959FECB1-DD3A-437C-8473-DDFD2EDC99A0}"
EndProject
Project("{9A19103F-16F7-4668-BE54-9A1E7A4F7556}") = "CurrencyExchageRateTests", "CurrencyExchageRateTests\CurrencyExchageRateTests.csproj", "{B4BD0787-8788-4799-9780-E920A0677DB6}"
EndProject
Project("{9A19103F-16F7-4668-BE54-9A1E7A4F7556}") = "LocalDbChecker", "LocalDbChecker\LocalDbChecker.csproj", "{B392B7ED-7FD6-4763-80D0-B2A3CA042916}"
EndProject
Project("{FAE04EC0-301F-11D3-BF4B-00C04F79EFBC}") = "CurrencyRateLibrary", "CurrencyRateLibrary\CurrencyRateLibrary.csproj", "{7AC05513-F057-4EF4-BB77-669500B4EB58}"
EndProject
Global
	GlobalSection(SolutionConfigurationPlatforms) = preSolution
		Debug|Any CPU = Debug|Any CPU
		Release|Any CPU = Release|Any CPU
	EndGlobalSection
	GlobalSection(ProjectConfigurationPlatforms) = postSolution
		{75A57A76-6959-4073-8B64-3B115D2772B6}.Debug|Any CPU.ActiveCfg = Debug|Any CPU
		{75A57A76-6959-4073-8B64-3B115D2772B6}.Debug|Any CPU.Build.0 = Debug|Any CPU
		{75A57A76-6959-4073-8B64-3B115D2772B6}.Release|Any CPU.ActiveCfg = Release|Any CPU
		{75A57A76-6959-4073-8B64-3B115D2772B6}.Release|Any CPU.Build.0 = Release|Any CPU
		{959FECB1-DD3A-437C-8473-DDFD2EDC99A0}.Debug|Any CPU.ActiveCfg = Debug|Any CPU
		{959FECB1-DD3A-437C-8473-DDFD2EDC99A0}.Debug|Any CPU.Build.0 = Debug|Any CPU
		{959FECB1-DD3A-437C-8473-DDFD2EDC99A0}.Release|Any CPU.ActiveCfg = Release|Any CPU
		{959FECB1-DD3A-437C-8473-DDFD2EDC99A0}.Release|Any CPU.Build.0 = Release|Any CPU
		{B4BD0787-8788-4799-9780-E920A0677DB6}.Debug|Any CPU.ActiveCfg = Debug|Any CPU
		{B4BD0787-8788-4799-9780-E920A0677DB6}.Debug|Any CPU.Build.0 = Debug|Any CPU
		{B4BD0787-8788-4799-9780-E920A0677DB6}.Release|Any CPU.ActiveCfg = Release|Any CPU
		{B4BD0787-8788-4799-9780-E920A0677DB6}.Release|Any CPU.Build.0 = Release|Any CPU
		{B392B7ED-7FD6-4763-80D0-B2A3CA042916}.Debug|Any CPU.ActiveCfg = Debug|Any CPU
		{B392B7ED-7FD6-4763-80D0-B2A3CA042916}.Debug|Any CPU.Build.0 = Debug|Any CPU
		{B392B7ED-7FD6-4763-80D0-B2A3CA042916}.Release|Any CPU.ActiveCfg = Release|Any CPU
		{B392B7ED-7FD6-4763-80D0-B2A3CA042916}.Release|Any CPU.Build.0 = Release|Any CPU
		{7AC05513-F057-4EF4-BB77-669500B4EB58}.Debug|Any CPU.ActiveCfg = Debug|Any CPU
		{7AC05513-F057-4EF4-BB77-669500B4EB58}.Debug|Any CPU.Build.0 = Debug|Any CPU
		{7AC05513-F057-4EF4-BB77-669500B4EB58}.Release|Any CPU.ActiveCfg = Release|Any CPU
		{7AC05513-F057-4EF4-BB77-669500B4EB58}.Release|Any CPU.Build.0 = Release|Any CPU
	EndGlobalSection
	GlobalSection(SolutionProperties) = preSolution
		HideSolutionNode = FALSE
	EndGlobalSection
	GlobalSection(ExtensibilityGlobals) = postSolution
		SolutionGuid = {7467E7C5-0066-4A18-9D14-E1049DF2FE55}
	EndGlobalSection
EndGlobal
